
Microsoft Visual Studio Solution File, Format Version 12.00
# Visual Studio Version 16
VisualStudioVersion = 16.0.29920.165
MinimumVisualStudioVersion = 10.0.40219.1
Project("{FAE04EC0-301F-11D3-BF4B-00C04F79EFBC}") = "snake", "snake.csproj", "{6BF25D69-C393-425E-8484-C028276B096D}"
EndProject
Global
	GlobalSection(SolutionConfigurationPlatforms) = preSolution
		Debug|Any CPU = Debug|Any CPU
		Release|Any CPU = Release|Any CPU
	EndGlobalSection
	GlobalSection(ProjectConfigurationPlatforms) = postSolution
		{6BF25D69-C393-425E-8484-C028276B096D}.Debug|Any CPU.ActiveCfg = Debug|Any CPU
		{6BF25D69-C393-425E-8484-C028276B096D}.Debug|Any CPU.Build.0 = Debug|Any CPU
		{6BF25D69-C393-425E-8484-C028276B096D}.Release|Any CPU.ActiveCfg = Release|Any CPU
		{6BF25D69-C393-425E-8484-C028276B096D}.Release|Any CPU.Build.0 = Release|Any CPU
	EndGlobalSection
	GlobalSection(SolutionProperties) = preSolution
		HideSolutionNode = FALSE
	EndGlobalSection
	GlobalSection(ExtensibilityGlobals) = postSolution
		SolutionGuid = {AD9FBA72-18AA-40BD-8039-744384085228}
	EndGlobalSection
EndGlobal
